schema: '2.0'
stages:
  stage_01:
    cmd: python stage_01.py
    deps:
    - path: stage_01.py
      hash: md5
      md5: 42c4b5732e3c719214eafcc704596f88
      size: 119
    outs:
    - path: artifact.txt
      hash: md5
      md5: 64c3bd82b4e8cf9d2e92ecfb2f1e6994
      size: 64
  stage_02:
    cmd: python stage_02.py
    deps:
    - path: artifact.txt
      hash: md5
      md5: 64c3bd82b4e8cf9d2e92ecfb2f1e6994
      size: 64
    - path: stage_02.py
      hash: md5
      md5: b491c8bf3295575a70f1aba402dc31ed
      size: 140
